
Microsoft Visual Studio Solution File, Format Version 12.00
# Visual Studio Version 16
VisualStudioVersion = 16.0.31729.503
MinimumVisualStudioVersion = 10.0.40219.1
Project("{FAE04EC0-301F-11D3-BF4B-00C04F79EFBC}") = "Logicalskills", "Logicalskills\Logicalskills.csproj", "{83F03F36-CFE7-4DF4-90E5-51C7D5775B4F}"
EndProject
Global
	GlobalSection(SolutionConfigurationPlatforms) = preSolution
		Debug|Any CPU = Debug|Any CPU
		Release|Any CPU = Release|Any CPU
	EndGlobalSection
	GlobalSection(ProjectConfigurationPlatforms) = postSolution
		{83F03F36-CFE7-4DF4-90E5-51C7D5775B4F}.Debug|Any CPU.ActiveCfg = Debug|Any CPU
		{83F03F36-CFE7-4DF4-90E5-51C7D5775B4F}.Debug|Any CPU.Build.0 = Debug|Any CPU
		{83F03F36-CFE7-4DF4-90E5-51C7D5775B4F}.Release|Any CPU.ActiveCfg = Release|Any CPU
		{83F03F36-CFE7-4DF4-90E5-51C7D5775B4F}.Release|Any CPU.Build.0 = Release|Any CPU
	EndGlobalSection
	GlobalSection(SolutionProperties) = preSolution
		HideSolutionNode = FALSE
	EndGlobalSection
	GlobalSection(ExtensibilityGlobals) = postSolution
		SolutionGuid = {5E4E1E0C-10E1-4365-BCA8-6BE7E8FF2724}
	EndGlobalSection
EndGlobal
